
Microsoft Visual Studio Solution File, Format Version 12.00
# Visual Studio 2013
VisualStudioVersion = 12.0.31101.0
MinimumVisualStudioVersion = 10.0.40219.1
Project("{FAE04EC0-301F-11D3-BF4B-00C04F79EFBC}") = "ProjetLabo Dev", "ProjetLabo Dev\ProjetLabo Dev.csproj", "{5D58A25A-C801-4C31-B882-2746ED7F7769}"
EndProject
Project("{FAE04EC0-301F-11D3-BF4B-00C04F79EFBC}") = "Calendar.NET", "..\..\..\Downloads\NetCalendar\Calendar.NET\Calendar.NET.csproj", "{6CBC43B6-E950-49B2-B14A-563C50FCD5C3}"
EndProject
Global
	GlobalSection(SolutionConfigurationPlatforms) = preSolution
		Debug|Any CPU = Debug|Any CPU
		Release|Any CPU = Release|Any CPU
	EndGlobalSection
	GlobalSection(ProjectConfigurationPlatforms) = postSolution
		{5D58A25A-C801-4C31-B882-2746ED7F7769}.Debug|Any CPU.ActiveCfg = Debug|Any CPU
		{5D58A25A-C801-4C31-B882-2746ED7F7769}.Debug|Any CPU.Build.0 = Debug|Any CPU
		{5D58A25A-C801-4C31-B882-2746ED7F7769}.Release|Any CPU.ActiveCfg = Release|Any CPU
		{5D58A25A-C801-4C31-B882-2746ED7F7769}.Release|Any CPU.Build.0 = Release|Any CPU
		{6CBC43B6-E950-49B2-B14A-563C50FCD5C3}.Debug|Any CPU.ActiveCfg = Debug|Any CPU
		{6CBC43B6-E950-49B2-B14A-563C50FCD5C3}.Debug|Any CPU.Build.0 = Debug|Any CPU
		{6CBC43B6-E950-49B2-B14A-563C50FCD5C3}.Release|Any CPU.ActiveCfg = Release|Any CPU
		{6CBC43B6-E950-49B2-B14A-563C50FCD5C3}.Release|Any CPU.Build.0 = Release|Any CPU
	EndGlobalSection
	GlobalSection(SolutionProperties) = preSolution
		HideSolutionNode = FALSE
	EndGlobalSection
EndGlobal
